{
  "object": {
    "pins": [
      {
        "package": "RenetikCore",
        "repositoryURL": "https://github.com/renetik/renetik-ios-core",
        "state": {
          "branch": null,
          "revision": "7105debd40055c9452d3b742dbd69912a51b0b73",
          "version": "0.9.10"
        }
      },
      {
        "package": "RenetikEvent",
        "repositoryURL": "https://github.com/renetik/renetik-ios-event",
        "state": {
          "branch": null,
          "revision": "4237a014edcdc9077a3062ec6979c42e5d26b0ae",
          "version": "0.9.10"
        }
      },
      {
        "package": "RenetikLayout",
        "repositoryURL": "https://github.com/renetik/renetik-ios-layout",
        "state": {
          "branch": null,
          "revision": "92b9621a7d6637398e4cd14db2461b872016cc98",
          "version": "0.9.10"
        }
      },
      {
        "package": "RenetikUI",
        "repositoryURL": "https://github.com/renetik/renetik-ios-ui",
        "state": {
          "branch": null,
          "revision": "96685c609144496b89919cc726167b212b6e49ca",
          "version": "0.9.10"
        }
      }
    ]
  },
  "version": 1
}
